// !$*UTF8*$!
{
	archiveVersion = 1;
	classes = {
	};
	objectVersion = 56;
	objects = {

/* Begin PBXBuildFile section */
		036BF2432B0FC22A00840F28 /* examApp.swift in Sources */ = {isa = PBXBuildFile; fileRef = 036BF2422B0FC22A00840F28 /* examApp.swift */; };
		036BF2452B0FC22A00840F28 /* ContentView.swift in Sources */ = {isa = PBXBuildFile; fileRef = 036BF2442B0FC22A00840F28 /* ContentView.swift */; };
		036BF2492B0FC22C00840F28 /* Assets.xcassets in Resources */ = {isa = PBXBuildFile; fileRef = 036BF2482B0FC22C00840F28 /* Assets.xcassets */; };
		036BF24D2B0FC22C00840F28 /* Preview Assets.xcassets in Resources */ = {isa = PBXBuildFile; fileRef = 036BF24C2B0FC22C00840F28 /* Preview Assets.xcassets */; };
		036BF2572B0FC22C00840F28 /* examTests.swift in Sources */ = {isa = PBXBuildFile; fileRef = 036BF2562B0FC22C00840F28 /* examTests.swift */; };
		036BF2612B0FC22C00840F28 /* examUITests.swift in Sources */ = {isa = PBXBuildFile; fileRef = 036BF2602B0FC22C00840F28 /* examUITests.swift */; };
		036BF2632B0FC22C00840F28 /* examUITestsLaunchTests.swift in Sources */ = {isa = PBXBuildFile; fileRef = 036BF2622B0FC22C00840F28 /* examUITestsLaunchTests.swift */; };
		036BF2712B0FC27400840F28 /* Alamofire in Frameworks */ = {isa = PBXBuildFile; productRef = 036BF2702B0FC27400840F28 /* Alamofire */; };
		036BF2742B0FC27F00840F28 /* SDWebImageSwiftUI in Frameworks */ = {isa = PBXBuildFile; productRef = 036BF2732B0FC27F00840F28 /* SDWebImageSwiftUI */; };
		036BF2812B0FCD1C00840F28 /* NetworkAPIService.swift in Sources */ = {isa = PBXBuildFile; fileRef = 036BF2802B0FCD1C00840F28 /* NetworkAPIService.swift */; };
		036BF2872B0FD3A500840F28 /* CasesViewModel.swift in Sources */ = {isa = PBXBuildFile; fileRef = 036BF2862B0FD3A500840F28 /* CasesViewModel.swift */; };
		036BF2892B0FD48A00840F28 /* CasesRequirement.swift in Sources */ = {isa = PBXBuildFile; fileRef = 036BF2882B0FD48A00840F28 /* CasesRequirement.swift */; };
		036BF28B2B0FD53F00840F28 /* CaseRepository.swift in Sources */ = {isa = PBXBuildFile; fileRef = 036BF28A2B0FD53F00840F28 /* CaseRepository.swift */; };
		036BF28D2B0FD63D00840F28 /* Case.swift in Sources */ = {isa = PBXBuildFile; fileRef = 036BF28C2B0FD63D00840F28 /* Case.swift */; };
/* End PBXBuildFile section */

/* Begin PBXContainerItemProxy section */
		036BF2532B0FC22C00840F28 /* PBXContainerItemProxy */ = {
			isa = PBXContainerItemProxy;
			containerPortal = 036BF2372B0FC22A00840F28 /* Project object */;
			proxyType = 1;
			remoteGlobalIDString = 036BF23E2B0FC22A00840F28;
			remoteInfo = exam;
		};
		036BF25D2B0FC22C00840F28 /* PBXContainerItemProxy */ = {
			isa = PBXContainerItemProxy;
			containerPortal = 036BF2372B0FC22A00840F28 /* Project object */;
			proxyType = 1;
			remoteGlobalIDString = 036BF23E2B0FC22A00840F28;
			remoteInfo = exam;
		};
/* End PBXContainerItemProxy section */

/* Begin PBXFileReference section */
		036BF23F2B0FC22A00840F28 /* exam.app */ = {isa = PBXFileReference; explicitFileType = wrapper.application; includeInIndex = 0; path = exam.app; sourceTree = BUILT_PRODUCTS_DIR; };
		036BF2422B0FC22A00840F28 /* examApp.swift */ = {isa = PBXFileReference; lastKnownFileType = sourcecode.swift; path = examApp.swift; sourceTree = "<group>"; };
		036BF2442B0FC22A00840F28 /* ContentView.swift */ = {isa = PBXFileReference; lastKnownFileType = sourcecode.swift; path = ContentView.swift; sourceTree = "<group>"; };
		036BF2482B0FC22C00840F28 /* Assets.xcassets */ = {isa = PBXFileReference; lastKnownFileType = folder.assetcatalog; path = Assets.xcassets; sourceTree = "<group>"; };
		036BF24A2B0FC22C00840F28 /* exam.entitlements */ = {isa = PBXFileReference; lastKnownFileType = text.plist.entitlements; path = exam.entitlements; sourceTree = "<group>"; };
		036BF24C2B0FC22C00840F28 /* Preview Assets.xcassets */ = {isa = PBXFileReference; lastKnownFileType = folder.assetcatalog; path = "Preview Assets.xcassets"; sourceTree = "<group>"; };
		036BF2522B0FC22C00840F28 /* examTests.xctest */ = {isa = PBXFileReference; explicitFileType = wrapper.cfbundle; includeInIndex = 0; path = examTests.xctest; sourceTree = BUILT_PRODUCTS_DIR; };
		036BF2562B0FC22C00840F28 /* examTests.swift */ = {isa = PBXFileReference; lastKnownFileType = sourcecode.swift; path = examTests.swift; sourceTree = "<group>"; };
		036BF25C2B0FC22C00840F28 /* examUITests.xctest */ = {isa = PBXFileReference; explicitFileType = wrapper.cfbundle; includeInIndex = 0; path = examUITests.xctest; sourceTree = BUILT_PRODUCTS_DIR; };
		036BF2602B0FC22C00840F28 /* examUITests.swift */ = {isa = PBXFileReference; lastKnownFileType = sourcecode.swift; path = examUITests.swift; sourceTree = "<group>"; };
		036BF2622B0FC22C00840F28 /* examUITestsLaunchTests.swift */ = {isa = PBXFileReference; lastKnownFileType = sourcecode.swift; path = examUITestsLaunchTests.swift; sourceTree = "<group>"; };
		036BF2802B0FCD1C00840F28 /* NetworkAPIService.swift */ = {isa = PBXFileReference; lastKnownFileType = sourcecode.swift; path = NetworkAPIService.swift; sourceTree = "<group>"; };
		036BF2862B0FD3A500840F28 /* CasesViewModel.swift */ = {isa = PBXFileReference; lastKnownFileType = sourcecode.swift; path = CasesViewModel.swift; sourceTree = "<group>"; };
		036BF2882B0FD48A00840F28 /* CasesRequirement.swift */ = {isa = PBXFileReference; lastKnownFileType = sourcecode.swift; path = CasesRequirement.swift; sourceTree = "<group>"; };
		036BF28A2B0FD53F00840F28 /* CaseRepository.swift */ = {isa = PBXFileReference; lastKnownFileType = sourcecode.swift; path = CaseRepository.swift; sourceTree = "<group>"; };
		036BF28C2B0FD63D00840F28 /* Case.swift */ = {isa = PBXFileReference; lastKnownFileType = sourcecode.swift; path = Case.swift; sourceTree = "<group>"; };
/* End PBXFileReference section */

/* Begin PBXFrameworksBuildPhase section */
		036BF23C2B0FC22A00840F28 /* Frameworks */ = {
			isa = PBXFrameworksBuildPhase;
			buildActionMask = 2147483647;
			files = (
				036BF2742B0FC27F00840F28 /* SDWebImageSwiftUI in Frameworks */,
				036BF2712B0FC27400840F28 /* Alamofire in Frameworks */,
			);
			runOnlyForDeploymentPostprocessing = 0;
		};
		036BF24F2B0FC22C00840F28 /* Frameworks */ = {
			isa = PBXFrameworksBuildPhase;
			buildActionMask = 2147483647;
			files = (
			);
			runOnlyForDeploymentPostprocessing = 0;
		};
		036BF2592B0FC22C00840F28 /* Frameworks */ = {
			isa = PBXFrameworksBuildPhase;
			buildActionMask = 2147483647;
			files = (
			);
			runOnlyForDeploymentPostprocessing = 0;
		};
/* End PBXFrameworksBuildPhase section */

/* Begin PBXGroup section */
		036BF2362B0FC22A00840F28 = {
			isa = PBXGroup;
			children = (
				036BF2412B0FC22A00840F28 /* exam */,
				036BF2552B0FC22C00840F28 /* examTests */,
				036BF25F2B0FC22C00840F28 /* examUITests */,
				036BF2402B0FC22A00840F28 /* Products */,
			);
			sourceTree = "<group>";
		};
		036BF2402B0FC22A00840F28 /* Products */ = {
			isa = PBXGroup;
			children = (
				036BF23F2B0FC22A00840F28 /* exam.app */,
				036BF2522B0FC22C00840F28 /* examTests.xctest */,
				036BF25C2B0FC22C00840F28 /* examUITests.xctest */,
			);
			name = Products;
			sourceTree = "<group>";
		};
		036BF2412B0FC22A00840F28 /* exam */ = {
			isa = PBXGroup;
			children = (
				036BF2772B0FC2EE00840F28 /* Data */,
				036BF2762B0FC2D500840F28 /* Framework */,
				036BF2752B0FC2B400840F28 /* Domain */,
				036BF2422B0FC22A00840F28 /* examApp.swift */,
				036BF2482B0FC22C00840F28 /* Assets.xcassets */,
				036BF24A2B0FC22C00840F28 /* exam.entitlements */,
				036BF24B2B0FC22C00840F28 /* Preview Content */,
			);
			path = exam;
			sourceTree = "<group>";
		};
		036BF24B2B0FC22C00840F28 /* Preview Content */ = {
			isa = PBXGroup;
			children = (
				036BF24C2B0FC22C00840F28 /* Preview Assets.xcassets */,
			);
			path = "Preview Content";
			sourceTree = "<group>";
		};
		036BF2552B0FC22C00840F28 /* examTests */ = {
			isa = PBXGroup;
			children = (
				036BF2562B0FC22C00840F28 /* examTests.swift */,
			);
			path = examTests;
			sourceTree = "<group>";
		};
		036BF25F2B0FC22C00840F28 /* examUITests */ = {
			isa = PBXGroup;
			children = (
				036BF2602B0FC22C00840F28 /* examUITests.swift */,
				036BF2622B0FC22C00840F28 /* examUITestsLaunchTests.swift */,
			);
			path = examUITests;
			sourceTree = "<group>";
		};
		036BF2752B0FC2B400840F28 /* Domain */ = {
			isa = PBXGroup;
			children = (
				036BF2882B0FD48A00840F28 /* CasesRequirement.swift */,
			);
			path = Domain;
			sourceTree = "<group>";
		};
		036BF2762B0FC2D500840F28 /* Framework */ = {
			isa = PBXGroup;
			children = (
				036BF2852B0FD38700840F28 /* ViewModels */,
				036BF2842B0FD24F00840F28 /* View */,
			);
			path = Framework;
			sourceTree = "<group>";
		};
		036BF2772B0FC2EE00840F28 /* Data */ = {
			isa = PBXGroup;
			children = (
				036BF2792B0FC49500840F28 /* Models */,
				036BF2782B0FC2FE00840F28 /* Network */,
				036BF28A2B0FD53F00840F28 /* CaseRepository.swift */,
			);
			path = Data;
			sourceTree = "<group>";
		};
		036BF2782B0FC2FE00840F28 /* Network */ = {
			isa = PBXGroup;
			children = (
				036BF2802B0FCD1C00840F28 /* NetworkAPIService.swift */,
			);
			path = Network;
			sourceTree = "<group>";
		};
		036BF2792B0FC49500840F28 /* Models */ = {
			isa = PBXGroup;
			children = (
				036BF28C2B0FD63D00840F28 /* Case.swift */,
			);
			path = Models;
			sourceTree = "<group>";
		};
		036BF2842B0FD24F00840F28 /* View */ = {
			isa = PBXGroup;
			children = (
				036BF2442B0FC22A00840F28 /* ContentView.swift */,
			);
			path = View;
			sourceTree = "<group>";
		};
		036BF2852B0FD38700840F28 /* ViewModels */ = {
			isa = PBXGroup;
			children = (
				036BF2862B0FD3A500840F28 /* CasesViewModel.swift */,
			);
			path = ViewModels;
			sourceTree = "<group>";
		};
/* End PBXGroup section */

/* Begin PBXNativeTarget section */
		036BF23E2B0FC22A00840F28 /* exam */ = {
			isa = PBXNativeTarget;
			buildConfigurationList = 036BF2662B0FC22C00840F28 /* Build configuration list for PBXNativeTarget "exam" */;
			buildPhases = (
				036BF23B2B0FC22A00840F28 /* Sources */,
				036BF23C2B0FC22A00840F28 /* Frameworks */,
				036BF23D2B0FC22A00840F28 /* Resources */,
			);
			buildRules = (
			);
			dependencies = (
			);
			name = exam;
			packageProductDependencies = (
				036BF2702B0FC27400840F28 /* Alamofire */,
				036BF2732B0FC27F00840F28 /* SDWebImageSwiftUI */,
			);
			productName = exam;
			productReference = 036BF23F2B0FC22A00840F28 /* exam.app */;
			productType = "com.apple.product-type.application";
		};
		036BF2512B0FC22C00840F28 /* examTests */ = {
			isa = PBXNativeTarget;
			buildConfigurationList = 036BF2692B0FC22C00840F28 /* Build configuration list for PBXNativeTarget "examTests" */;
			buildPhases = (
				036BF24E2B0FC22C00840F28 /* Sources */,
				036BF24F2B0FC22C00840F28 /* Frameworks */,
				036BF2502B0FC22C00840F28 /* Resources */,
			);
			buildRules = (
			);
			dependencies = (
				036BF2542B0FC22C00840F28 /* PBXTargetDependency */,
			);
			name = examTests;
			productName = examTests;
			productReference = 036BF2522B0FC22C00840F28 /* examTests.xctest */;
			productType = "com.apple.product-type.bundle.unit-test";
		};
		036BF25B2B0FC22C00840F28 /* examUITests */ = {
			isa = PBXNativeTarget;
			buildConfigurationList = 036BF26C2B0FC22C00840F28 /* Build configuration list for PBXNativeTarget "examUITests" */;
			buildPhases = (
				036BF2582B0FC22C00840F28 /* Sources */,
				036BF2592B0FC22C00840F28 /* Frameworks */,
				036BF25A2B0FC22C00840F28 /* Resources */,
			);
			buildRules = (
			);
			dependencies = (
				036BF25E2B0FC22C00840F28 /* PBXTargetDependency */,
			);
			name = examUITests;
			productName = examUITests;
			productReference = 036BF25C2B0FC22C00840F28 /* examUITests.xctest */;
			productType = "com.apple.product-type.bundle.ui-testing";
		};
/* End PBXNativeTarget section */

/* Begin PBXProject section */
		036BF2372B0FC22A00840F28 /* Project object */ = {
			isa = PBXProject;
			attributes = {
				BuildIndependentTargetsInParallel = 1;
				LastSwiftUpdateCheck = 1500;
				LastUpgradeCheck = 1500;
				TargetAttributes = {
					036BF23E2B0FC22A00840F28 = {
						CreatedOnToolsVersion = 15.0.1;
					};
					036BF2512B0FC22C00840F28 = {
						CreatedOnToolsVersion = 15.0.1;
						TestTargetID = 036BF23E2B0FC22A00840F28;
					};
					036BF25B2B0FC22C00840F28 = {
						CreatedOnToolsVersion = 15.0.1;
						TestTargetID = 036BF23E2B0FC22A00840F28;
					};
				};
			};
			buildConfigurationList = 036BF23A2B0FC22A00840F28 /* Build configuration list for PBXProject "exam" */;
			compatibilityVersion = "Xcode 14.0";
			developmentRegion = en;
			hasScannedForEncodings = 0;
			knownRegions = (
				en,
				Base,
			);
			mainGroup = 036BF2362B0FC22A00840F28;
			packageReferences = (
				036BF26F2B0FC27400840F28 /* XCRemoteSwiftPackageReference "Alamofire" */,
				036BF2722B0FC27F00840F28 /* XCRemoteSwiftPackageReference "SDWebImageSwiftUI" */,
			);
			productRefGroup = 036BF2402B0FC22A00840F28 /* Products */;
			projectDirPath = "";
			projectRoot = "";
			targets = (
				036BF23E2B0FC22A00840F28 /* exam */,
				036BF2512B0FC22C00840F28 /* examTests */,
				036BF25B2B0FC22C00840F28 /* examUITests */,
			);
		};
/* End PBXProject section */

/* Begin PBXResourcesBuildPhase section */
		036BF23D2B0FC22A00840F28 /* Resources */ = {
			isa = PBXResourcesBuildPhase;
			buildActionMask = 2147483647;
			files = (
				036BF24D2B0FC22C00840F28 /* Preview Assets.xcassets in Resources */,
				036BF2492B0FC22C00840F28 /* Assets.xcassets in Resources */,
			);
			runOnlyForDeploymentPostprocessing = 0;
		};
		036BF2502B0FC22C00840F28 /* Resources */ = {
			isa = PBXResourcesBuildPhase;
			buildActionMask = 2147483647;
			files = (
			);
			runOnlyForDeploymentPostprocessing = 0;
		};
		036BF25A2B0FC22C00840F28 /* Resources */ = {
			isa = PBXResourcesBuildPhase;
			buildActionMask = 2147483647;
			files = (
			);
			runOnlyForDeploymentPostprocessing = 0;
		};
/* End PBXResourcesBuildPhase section */

/* Begin PBXSourcesBuildPhase section */
		036BF23B2B0FC22A00840F28 /* Sources */ = {
			isa = PBXSourcesBuildPhase;
			buildActionMask = 2147483647;
			files = (
				036BF2452B0FC22A00840F28 /* ContentView.swift in Sources */,
				036BF28D2B0FD63D00840F28 /* Case.swift in Sources */,
				036BF28B2B0FD53F00840F28 /* CaseRepository.swift in Sources */,
				036BF2872B0FD3A500840F28 /* CasesViewModel.swift in Sources */,
				036BF2432B0FC22A00840F28 /* examApp.swift in Sources */,
				036BF2812B0FCD1C00840F28 /* NetworkAPIService.swift in Sources */,
				036BF2892B0FD48A00840F28 /* CasesRequirement.swift in Sources */,
			);
			runOnlyForDeploymentPostprocessing = 0;
		};
		036BF24E2B0FC22C00840F28 /* Sources */ = {
			isa = PBXSourcesBuildPhase;
			buildActionMask = 2147483647;
			files = (
				036BF2572B0FC22C00840F28 /* examTests.swift in Sources */,
			);
			runOnlyForDeploymentPostprocessing = 0;
		};
		036BF2582B0FC22C00840F28 /* Sources */ = {
			isa = PBXSourcesBuildPhase;
			buildActionMask = 2147483647;
			files = (
				036BF2612B0FC22C00840F28 /* examUITests.swift in Sources */,
				036BF2632B0FC22C00840F28 /* examUITestsLaunchTests.swift in Sources */,
			);
			runOnlyForDeploymentPostprocessing = 0;
		};
/* End PBXSourcesBuildPhase section */

/* Begin PBXTargetDependency section */
		036BF2542B0FC22C00840F28 /* PBXTargetDependency */ = {
			isa = PBXTargetDependency;
			target = 036BF23E2B0FC22A00840F28 /* exam */;
			targetProxy = 036BF2532B0FC22C00840F28 /* PBXContainerItemProxy */;
		};
		036BF25E2B0FC22C00840F28 /* PBXTargetDependency */ = {
			isa = PBXTargetDependency;
			target = 036BF23E2B0FC22A00840F28 /* exam */;
			targetProxy = 036BF25D2B0FC22C00840F28 /* PBXContainerItemProxy */;
		};
/* End PBXTargetDependency section */

/* Begin XCBuildConfiguration section */
		036BF2642B0FC22C00840F28 /* Debug */ = {
			isa = XCBuildConfiguration;
			buildSettings = {
				ALWAYS_SEARCH_USER_PATHS = NO;
				ASSETCATALOG_COMPILER_GENERATE_SWIFT_ASSET_SYMBOL_EXTENSIONS = YES;
				CLANG_ANALYZER_NONNULL = YES;
				CLANG_ANALYZER_NUMBER_OBJECT_CONVERSION = YES_AGGRESSIVE;
				CLANG_CXX_LANGUAGE_STANDARD = "gnu++20";
				CLANG_ENABLE_MODULES = YES;
				CLANG_ENABLE_OBJC_ARC = YES;
				CLANG_ENABLE_OBJC_WEAK = YES;
				CLANG_WARN_BLOCK_CAPTURE_AUTORELEASING = YES;
				CLANG_WARN_BOOL_CONVERSION = YES;
				CLANG_WARN_COMMA = YES;
				CLANG_WARN_CONSTANT_CONVERSION = YES;
				CLANG_WARN_DEPRECATED_OBJC_IMPLEMENTATIONS = YES;
				CLANG_WARN_DIRECT_OBJC_ISA_USAGE = YES_ERROR;
				CLANG_WARN_DOCUMENTATION_COMMENTS = YES;
				CLANG_WARN_EMPTY_BODY = YES;
				CLANG_WARN_ENUM_CONVERSION = YES;
				CLANG_WARN_INFINITE_RECURSION = YES;
				CLANG_WARN_INT_CONVERSION = YES;
				CLANG_WARN_NON_LITERAL_NULL_CONVERSION = YES;
				CLANG_WARN_OBJC_IMPLICIT_RETAIN_SELF = YES;
				CLANG_WARN_OBJC_LITERAL_CONVERSION = YES;
				CLANG_WARN_OBJC_ROOT_CLASS = YES_ERROR;
				CLANG_WARN_QUOTED_INCLUDE_IN_FRAMEWORK_HEADER = YES;
				CLANG_WARN_RANGE_LOOP_ANALYSIS = YES;
				CLANG_WARN_STRICT_PROTOTYPES = YES;
				CLANG_WARN_SUSPICIOUS_MOVE = YES;
				CLANG_WARN_UNGUARDED_AVAILABILITY = YES_AGGRESSIVE;
				CLANG_WARN_UNREACHABLE_CODE = YES;
				CLANG_WARN__DUPLICATE_METHOD_MATCH = YES;
				COPY_PHASE_STRIP = NO;
				DEBUG_INFORMATION_FORMAT = dwarf;
				ENABLE_STRICT_OBJC_MSGSEND = YES;
				ENABLE_TESTABILITY = YES;
				ENABLE_USER_SCRIPT_SANDBOXING = YES;
				GCC_C_LANGUAGE_STANDARD = gnu17;
				GCC_DYNAMIC_NO_PIC = NO;
				GCC_NO_COMMON_BLOCKS = YES;
				GCC_OPTIMIZATION_LEVEL = 0;
				GCC_PREPROCESSOR_DEFINITIONS = (
					"DEBUG=1",
					"$(inherited)",
				);
				GCC_WARN_64_TO_32_BIT_CONVERSION = YES;
				GCC_WARN_ABOUT_RETURN_TYPE = YES_ERROR;
				GCC_WARN_UNDECLARED_SELECTOR = YES;
				GCC_WARN_UNINITIALIZED_AUTOS = YES_AGGRESSIVE;
				GCC_WARN_UNUSED_FUNCTION = YES;
				GCC_WARN_UNUSED_VARIABLE = YES;
				LOCALIZATION_PREFERS_STRING_CATALOGS = YES;
				MTL_ENABLE_DEBUG_INFO = INCLUDE_SOURCE;
				MTL_FAST_MATH = YES;
				ONLY_ACTIVE_ARCH = YES;
				SWIFT_ACTIVE_COMPILATION_CONDITIONS = "DEBUG $(inherited)";
				SWIFT_OPTIMIZATION_LEVEL = "-Onone";
			};
			name = Debug;
		};
		036BF2652B0FC22C00840F28 /* Release */ = {
			isa = XCBuildConfiguration;
			buildSettings = {
				ALWAYS_SEARCH_USER_PATHS = NO;
				ASSETCATALOG_COMPILER_GENERATE_SWIFT_ASSET_SYMBOL_EXTENSIONS = YES;
				CLANG_ANALYZER_NONNULL = YES;
				CLANG_ANALYZER_NUMBER_OBJECT_CONVERSION = YES_AGGRESSIVE;
				CLANG_CXX_LANGUAGE_STANDARD = "gnu++20";
				CLANG_ENABLE_MODULES = YES;
				CLANG_ENABLE_OBJC_ARC = YES;
				CLANG_ENABLE_OBJC_WEAK = YES;
				CLANG_WARN_BLOCK_CAPTURE_AUTORELEASING = YES;
				CLANG_WARN_BOOL_CONVERSION = YES;
				CLANG_WARN_COMMA = YES;
				CLANG_WARN_CONSTANT_CONVERSION = YES;
				CLANG_WARN_DEPRECATED_OBJC_IMPLEMENTATIONS = YES;
				CLANG_WARN_DIRECT_OBJC_ISA_USAGE = YES_ERROR;
				CLANG_WARN_DOCUMENTATION_COMMENTS = YES;
				CLANG_WARN_EMPTY_BODY = YES;
				CLANG_WARN_ENUM_CONVERSION = YES;
				CLANG_WARN_INFINITE_RECURSION = YES;
				CLANG_WARN_INT_CONVERSION = YES;
				CLANG_WARN_NON_LITERAL_NULL_CONVERSION = YES;
				CLANG_WARN_OBJC_IMPLICIT_RETAIN_SELF = YES;
				CLANG_WARN_OBJC_LITERAL_CONVERSION = YES;
				CLANG_WARN_OBJC_ROOT_CLASS = YES_ERROR;
				CLANG_WARN_QUOTED_INCLUDE_IN_FRAMEWORK_HEADER = YES;
				CLANG_WARN_RANGE_LOOP_ANALYSIS = YES;
				CLANG_WARN_STRICT_PROTOTYPES = YES;
				CLANG_WARN_SUSPICIOUS_MOVE = YES;
				CLANG_WARN_UNGUARDED_AVAILABILITY = YES_AGGRESSIVE;
				CLANG_WARN_UNREACHABLE_CODE = YES;
				CLANG_WARN__DUPLICATE_METHOD_MATCH = YES;
				COPY_PHASE_STRIP = NO;
				DEBUG_INFORMATION_FORMAT = "dwarf-with-dsym";
				ENABLE_NS_ASSERTIONS = NO;
				ENABLE_STRICT_OBJC_MSGSEND = YES;
				ENABLE_USER_SCRIPT_SANDBOXING = YES;
				GCC_C_LANGUAGE_STANDARD = gnu17;
				GCC_NO_COMMON_BLOCKS = YES;
				GCC_WARN_64_TO_32_BIT_CONVERSION = YES;
				GCC_WARN_ABOUT_RETURN_TYPE = YES_ERROR;
				GCC_WARN_UNDECLARED_SELECTOR = YES;
				GCC_WARN_UNINITIALIZED_AUTOS = YES_AGGRESSIVE;
				GCC_WARN_UNUSED_FUNCTION = YES;
				GCC_WARN_UNUSED_VARIABLE = YES;
				LOCALIZATION_PREFERS_STRING_CATALOGS = YES;
				MTL_ENABLE_DEBUG_INFO = NO;
				MTL_FAST_MATH = YES;
				SWIFT_COMPILATION_MODE = wholemodule;
			};
			name = Release;
		};
		036BF2672B0FC22C00840F28 /* Debug */ = {
			isa = XCBuildConfiguration;
			buildSettings = {
				ASSETCATALOG_COMPILER_APPICON_NAME = AppIcon;
				ASSETCATALOG_COMPILER_GLOBAL_ACCENT_COLOR_NAME = AccentColor;
				CODE_SIGN_ENTITLEMENTS = exam/exam.entitlements;
				CODE_SIGN_STYLE = Automatic;
				CURRENT_PROJECT_VERSION = 1;
				DEVELOPMENT_ASSET_PATHS = "\"exam/Preview Content\"";
				DEVELOPMENT_TEAM = 86V7PSV2F3;
				ENABLE_HARDENED_RUNTIME = YES;
				ENABLE_PREVIEWS = YES;
				GENERATE_INFOPLIST_FILE = YES;
				"INFOPLIST_KEY_UIApplicationSceneManifest_Generation[sdk=iphoneos*]" = YES;
				"INFOPLIST_KEY_UIApplicationSceneManifest_Generation[sdk=iphonesimulator*]" = YES;
				"INFOPLIST_KEY_UIApplicationSupportsIndirectInputEvents[sdk=iphoneos*]" = YES;
				"INFOPLIST_KEY_UIApplicationSupportsIndirectInputEvents[sdk=iphonesimulator*]" = YES;
				"INFOPLIST_KEY_UILaunchScreen_Generation[sdk=iphoneos*]" = YES;
				"INFOPLIST_KEY_UILaunchScreen_Generation[sdk=iphonesimulator*]" = YES;
				"INFOPLIST_KEY_UIStatusBarStyle[sdk=iphoneos*]" = UIStatusBarStyleDefault;
				"INFOPLIST_KEY_UIStatusBarStyle[sdk=iphonesimulator*]" = UIStatusBarStyleDefault;
				INFOPLIST_KEY_UISupportedInterfaceOrientations_iPad = "UIInterfaceOrientationPortrait UIInterfaceOrientationPortraitUpsideDown UIInterfaceOrientationLandscapeLeft UIInterfaceOrientationLandscapeRight";
				INFOPLIST_KEY_UISupportedInterfaceOrientations_iPhone = "UIInterfaceOrientationPortrait UIInterfaceOrientationLandscapeLeft UIInterfaceOrientationLandscapeRight";
				IPHONEOS_DEPLOYMENT_TARGET = 17.0;
				LD_RUNPATH_SEARCH_PATHS = "@executable_path/Frameworks";
				"LD_RUNPATH_SEARCH_PATHS[sdk=macosx*]" = "@executable_path/../Frameworks";
				MACOSX_DEPLOYMENT_TARGET = 14.0;
				MARKETING_VERSION = 1.0;
				PRODUCT_BUNDLE_IDENTIFIER = com.example.exam;
				PRODUCT_NAME = "$(TARGET_NAME)";
				SDKROOT = auto;
				SUPPORTED_PLATFORMS = "iphoneos iphonesimulator macosx";
				SWIFT_EMIT_LOC_STRINGS = YES;
				SWIFT_VERSION = 5.0;
				TARGETED_DEVICE_FAMILY = "1,2";
			};
			name = Debug;
		};
		036BF2682B0FC22C00840F28 /* Release */ = {
			isa = XCBuildConfiguration;
			buildSettings = {
				ASSETCATALOG_COMPILER_APPICON_NAME = AppIcon;
				ASSETCATALOG_COMPILER_GLOBAL_ACCENT_COLOR_NAME = AccentColor;
				CODE_SIGN_ENTITLEMENTS = exam/exam.entitlements;
				CODE_SIGN_STYLE = Automatic;
				CURRENT_PROJECT_VERSION = 1;
				DEVELOPMENT_ASSET_PATHS = "\"exam/Preview Content\"";
				DEVELOPMENT_TEAM = 86V7PSV2F3;
				ENABLE_HARDENED_RUNTIME = YES;
				ENABLE_PREVIEWS = YES;
				GENERATE_INFOPLIST_FILE = YES;
				"INFOPLIST_KEY_UIApplicationSceneManifest_Generation[sdk=iphoneos*]" = YES;
				"INFOPLIST_KEY_UIApplicationSceneManifest_Generation[sdk=iphonesimulator*]" = YES;
				"INFOPLIST_KEY_UIApplicationSupportsIndirectInputEvents[sdk=iphoneos*]" = YES;
				"INFOPLIST_KEY_UIApplicationSupportsIndirectInputEvents[sdk=iphonesimulator*]" = YES;
				"INFOPLIST_KEY_UILaunchScreen_Generation[sdk=iphoneos*]" = YES;
				"INFOPLIST_KEY_UILaunchScreen_Generation[sdk=iphonesimulator*]" = YES;
				"INFOPLIST_KEY_UIStatusBarStyle[sdk=iphoneos*]" = UIStatusBarStyleDefault;
				"INFOPLIST_KEY_UIStatusBarStyle[sdk=iphonesimulator*]" = UIStatusBarStyleDefault;
				INFOPLIST_KEY_UISupportedInterfaceOrientations_iPad = "UIInterfaceOrientationPortrait UIInterfaceOrientationPortraitUpsideDown UIInterfaceOrientationLandscapeLeft UIInterfaceOrientationLandscapeRight";
				INFOPLIST_KEY_UISupportedInterfaceOrientations_iPhone = "UIInterfaceOrientationPortrait UIInterfaceOrientationLandscapeLeft UIInterfaceOrientationLandscapeRight";
				IPHONEOS_DEPLOYMENT_TARGET = 17.0;
				LD_RUNPATH_SEARCH_PATHS = "@executable_path/Frameworks";
				"LD_RUNPATH_SEARCH_PATHS[sdk=macosx*]" = "@executable_path/../Frameworks";
				MACOSX_DEPLOYMENT_TARGET = 14.0;
				MARKETING_VERSION = 1.0;
				PRODUCT_BUNDLE_IDENTIFIER = com.example.exam;
				PRODUCT_NAME = "$(TARGET_NAME)";
				SDKROOT = auto;
				SUPPORTED_PLATFORMS = "iphoneos iphonesimulator macosx";
				SWIFT_EMIT_LOC_STRINGS = YES;
				SWIFT_VERSION = 5.0;
				TARGETED_DEVICE_FAMILY = "1,2";
			};
			name = Release;
		};
		036BF26A2B0FC22C00840F28 /* Debug */ = {
			isa = XCBuildConfiguration;
			buildSettings = {
				ALWAYS_EMBED_SWIFT_STANDARD_LIBRARIES = YES;
				BUNDLE_LOADER = "$(TEST_HOST)";
				CODE_SIGN_STYLE = Automatic;
				CURRENT_PROJECT_VERSION = 1;
				DEVELOPMENT_TEAM = 86V7PSV2F3;
				GENERATE_INFOPLIST_FILE = YES;
				IPHONEOS_DEPLOYMENT_TARGET = 17.0;
				MACOSX_DEPLOYMENT_TARGET = 13.6;
				MARKETING_VERSION = 1.0;
				PRODUCT_BUNDLE_IDENTIFIER = com.example.examTests;
				PRODUCT_NAME = "$(TARGET_NAME)";
				SDKROOT = auto;
				SUPPORTED_PLATFORMS = "iphoneos iphonesimulator macosx";
				SWIFT_EMIT_LOC_STRINGS = NO;
				SWIFT_VERSION = 5.0;
				TARGETED_DEVICE_FAMILY = "1,2";
				TEST_HOST = "$(BUILT_PRODUCTS_DIR)/exam.app/$(BUNDLE_EXECUTABLE_FOLDER_PATH)/exam";
			};
			name = Debug;
		};
		036BF26B2B0FC22C00840F28 /* Release */ = {
			isa = XCBuildConfiguration;
			buildSettings = {
				ALWAYS_EMBED_SWIFT_STANDARD_LIBRARIES = YES;
				BUNDLE_LOADER = "$(TEST_HOST)";
				CODE_SIGN_STYLE = Automatic;
				CURRENT_PROJECT_VERSION = 1;
				DEVELOPMENT_TEAM = 86V7PSV2F3;
				GENERATE_INFOPLIST_FILE = YES;
				IPHONEOS_DEPLOYMENT_TARGET = 17.0;
				MACOSX_DEPLOYMENT_TARGET = 13.6;
				MARKETING_VERSION = 1.0;
				PRODUCT_BUNDLE_IDENTIFIER = com.example.examTests;
				PRODUCT_NAME = "$(TARGET_NAME)";
				SDKROOT = auto;
				SUPPORTED_PLATFORMS = "iphoneos iphonesimulator macosx";
				SWIFT_EMIT_LOC_STRINGS = NO;
				SWIFT_VERSION = 5.0;
				TARGETED_DEVICE_FAMILY = "1,2";
				TEST_HOST = "$(BUILT_PRODUCTS_DIR)/exam.app/$(BUNDLE_EXECUTABLE_FOLDER_PATH)/exam";
			};
			name = Release;
		};
		036BF26D2B0FC22C00840F28 /* Debug */ = {
			isa = XCBuildConfiguration;
			buildSettings = {
				ALWAYS_EMBED_SWIFT_STANDARD_LIBRARIES = YES;
				CODE_SIGN_STYLE = Automatic;
				CURRENT_PROJECT_VERSION = 1;
				DEVELOPMENT_TEAM = 86V7PSV2F3;
				GENERATE_INFOPLIST_FILE = YES;
				IPHONEOS_DEPLOYMENT_TARGET = 17.0;
				MACOSX_DEPLOYMENT_TARGET = 13.6;
				MARKETING_VERSION = 1.0;
				PRODUCT_BUNDLE_IDENTIFIER = com.example.examUITests;
				PRODUCT_NAME = "$(TARGET_NAME)";
				SDKROOT = auto;
				SUPPORTED_PLATFORMS = "iphoneos iphonesimulator macosx";
				SWIFT_EMIT_LOC_STRINGS = NO;
				SWIFT_VERSION = 5.0;
				TARGETED_DEVICE_FAMILY = "1,2";
				TEST_TARGET_NAME = exam;
			};
			name = Debug;
		};
		036BF26E2B0FC22C00840F28 /* Release */ = {
			isa = XCBuildConfiguration;
			buildSettings = {
				ALWAYS_EMBED_SWIFT_STANDARD_LIBRARIES = YES;
				CODE_SIGN_STYLE = Automatic;
				CURRENT_PROJECT_VERSION = 1;
				DEVELOPMENT_TEAM = 86V7PSV2F3;
				GENERATE_INFOPLIST_FILE = YES;
				IPHONEOS_DEPLOYMENT_TARGET = 17.0;
				MACOSX_DEPLOYMENT_TARGET = 13.6;
				MARKETING_VERSION = 1.0;
				PRODUCT_BUNDLE_IDENTIFIER = com.example.examUITests;
				PRODUCT_NAME = "$(TARGET_NAME)";
				SDKROOT = auto;
				SUPPORTED_PLATFORMS = "iphoneos iphonesimulator macosx";
				SWIFT_EMIT_LOC_STRINGS = NO;
				SWIFT_VERSION = 5.0;
				TARGETED_DEVICE_FAMILY = "1,2";
				TEST_TARGET_NAME = exam;
			};
			name = Release;
		};
/* End XCBuildConfiguration section */

/* Begin XCConfigurationList section */
		036BF23A2B0FC22A00840F28 /* Build configuration list for PBXProject "exam" */ = {
			isa = XCConfigurationList;
			buildConfigurations = (
				036BF2642B0FC22C00840F28 /* Debug */,
				036BF2652B0FC22C00840F28 /* Release */,
			);
			defaultConfigurationIsVisible = 0;
			defaultConfigurationName = Release;
		};
		036BF2662B0FC22C00840F28 /* Build configuration list for PBXNativeTarget "exam" */ = {
			isa = XCConfigurationList;
			buildConfigurations = (
				036BF2672B0FC22C00840F28 /* Debug */,
				036BF2682B0FC22C00840F28 /* Release */,
			);
			defaultConfigurationIsVisible = 0;
			defaultConfigurationName = Release;
		};
		036BF2692B0FC22C00840F28 /* Build configuration list for PBXNativeTarget "examTests" */ = {
			isa = XCConfigurationList;
			buildConfigurations = (
				036BF26A2B0FC22C00840F28 /* Debug */,
				036BF26B2B0FC22C00840F28 /* Release */,
			);
			defaultConfigurationIsVisible = 0;
			defaultConfigurationName = Release;
		};
		036BF26C2B0FC22C00840F28 /* Build configuration list for PBXNativeTarget "examUITests" */ = {
			isa = XCConfigurationList;
			buildConfigurations = (
				036BF26D2B0FC22C00840F28 /* Debug */,
				036BF26E2B0FC22C00840F28 /* Release */,
			);
			defaultConfigurationIsVisible = 0;
			defaultConfigurationName = Release;
		};
/* End XCConfigurationList section */

/* Begin XCRemoteSwiftPackageReference section */
		036BF26F2B0FC27400840F28 /* XCRemoteSwiftPackageReference "Alamofire" */ = {
			isa = XCRemoteSwiftPackageReference;
			repositoryURL = "https://github.com/Alamofire/Alamofire.git";
			requirement = {
				kind = upToNextMajorVersion;
				minimumVersion = 5.8.1;
			};
		};
		036BF2722B0FC27F00840F28 /* XCRemoteSwiftPackageReference "SDWebImageSwiftUI" */ = {
			isa = XCRemoteSwiftPackageReference;
			repositoryURL = "https://github.com/SDWebImage/SDWebImageSwiftUI";
			requirement = {
				kind = upToNextMajorVersion;
				minimumVersion = 2.2.4;
			};
		};
/* End XCRemoteSwiftPackageReference section */

/* Begin XCSwiftPackageProductDependency section */
		036BF2702B0FC27400840F28 /* Alamofire */ = {
			isa = XCSwiftPackageProductDependency;
			package = 036BF26F2B0FC27400840F28 /* XCRemoteSwiftPackageReference "Alamofire" */;
			productName = Alamofire;
		};
		036BF2732B0FC27F00840F28 /* SDWebImageSwiftUI */ = {
			isa = XCSwiftPackageProductDependency;
			package = 036BF2722B0FC27F00840F28 /* XCRemoteSwiftPackageReference "SDWebImageSwiftUI" */;
			productName = SDWebImageSwiftUI;
		};
/* End XCSwiftPackageProductDependency section */
	};
	rootObject = 036BF2372B0FC22A00840F28 /* Project object */;
}
